
Microsoft Visual Studio Solution File, Format Version 12.00
# Visual Studio Version 16
VisualStudioVersion = 16.0.33927.289
MinimumVisualStudioVersion = 10.0.40219.1
Project("{8BC9CEB8-8B4A-11D0-8D11-00A0C91BC942}") = "Tyuiu.BurkovVA.Lab3", "Tyuiu.BurkovVA.Lab3.vcxproj", "{5A9C84DC-6036-4F89-8F3F-80B3CDEF0C35}"
EndProject
Project("{2150E333-8FDC-42A3-9474-1A3956D46DE8}") = "Lab3", "Lab3", "{FA0D0C72-F4DF-4243-B45B-AB3A7709D477}"
EndProject
Project("{FAE04EC0-301F-11D3-BF4B-00C04F79EFBC}") = "SolveMathFirstExpression.Test", "SolveMathFirstExpression.Test\SolveMathFirstExpression.Test.csproj", "{D3944275-F6BD-4AF5-B182-E8D0E60D3A79}"
EndProject
Project("{FAE04EC0-301F-11D3-BF4B-00C04F79EFBC}") = "SolveMathFirstExpression.Lib", "SolveMathFirstExpression.Lib\SolveMathFirstExpression.Lib.csproj", "{65FD0796-5B0D-4E31-ADC2-AB979BEF1102}"
EndProject
Project("{FAE04EC0-301F-11D3-BF4B-00C04F79EFBC}") = "SolveMathSecondExpression.Test", "SolveMathSecondExpression.Test\SolveMathSecondExpression.Test.csproj", "{7DB53716-811A-4B2E-BAC7-C3BC27F586B7}"
EndProject
Project("{FAE04EC0-301F-11D3-BF4B-00C04F79EFBC}") = "SolveMathSecondExpression.Lib", "SolveMathSecondExpression.Lib\SolveMathSecondExpression.Lib.csproj", "{C09575F7-4090-4A24-BA63-1D89E5678456}"
EndProject
Project("{FAE04EC0-301F-11D3-BF4B-00C04F79EFBC}") = "SolveTabMathFunction.Test", "SolveTabMathFunction.Test\SolveTabMathFunction.Test.csproj", "{79CE37E6-0125-48B7-BA4A-3F2A06579491}"
EndProject
Project("{FAE04EC0-301F-11D3-BF4B-00C04F79EFBC}") = "SolveTabMathFunction.Lib", "SolveTabMathFunction.Lib\SolveTabMathFunction.Lib.csproj", "{AB46EC7A-89D2-4684-AA8F-39189EE1E8DE}"
EndProject
Project("{FAE04EC0-301F-11D3-BF4B-00C04F79EFBC}") = "SolveCalculate.Test", "SolveCalculate.Test\SolveCalculate.Test.csproj", "{2F38A371-DCD7-441A-8F65-044FB4C6DC03}"
EndProject
Project("{FAE04EC0-301F-11D3-BF4B-00C04F79EFBC}") = "SolveCalculate.Lib", "SolveCalculate.Lib\SolveCalculate.Lib.csproj", "{4DD3A06F-C891-49DF-B79A-2835DE9C441E}"
EndProject
Project("{FAE04EC0-301F-11D3-BF4B-00C04F79EFBC}") = "SolveArray.Lib", "SolveArray.Lib\SolveArray.Lib.csproj", "{183F86F9-B483-43DC-8A8E-3792DE0267AE}"
EndProject
Project("{FAE04EC0-301F-11D3-BF4B-00C04F79EFBC}") = "SolveArray.Test", "SolveArray.Test\SolveArray.Test.csproj", "{3C9FA86A-F834-4990-B92D-1FB7FCAA06A6}"
EndProject
Project("{FAE04EC0-301F-11D3-BF4B-00C04F79EFBC}") = "Tyuiu.BurkovVA.Lab3.Review.V3", "Tyuiu.BurkovVA.Lab3.Review.V3\Tyuiu.BurkovVA.Lab3.Review.V3.csproj", "{D3BB3E63-AD67-420C-A9A4-6E1BB02C0409}"
EndProject
Global
	GlobalSection(SolutionConfigurationPlatforms) = preSolution
		Debug|Any CPU = Debug|Any CPU
		Debug|ARM = Debug|ARM
		Debug|ARM64 = Debug|ARM64
		Debug|x64 = Debug|x64
		Debug|x86 = Debug|x86
		Release|Any CPU = Release|Any CPU
		Release|ARM = Release|ARM
		Release|ARM64 = Release|ARM64
		Release|x64 = Release|x64
		Release|x86 = Release|x86
	EndGlobalSection
	GlobalSection(ProjectConfigurationPlatforms) = postSolution
		{5A9C84DC-6036-4F89-8F3F-80B3CDEF0C35}.Debug|Any CPU.ActiveCfg = Debug|Win32
		{5A9C84DC-6036-4F89-8F3F-80B3CDEF0C35}.Debug|ARM.ActiveCfg = Debug|Win32
		{5A9C84DC-6036-4F89-8F3F-80B3CDEF0C35}.Debug|ARM64.ActiveCfg = Debug|Win32
		{5A9C84DC-6036-4F89-8F3F-80B3CDEF0C35}.Debug|x64.ActiveCfg = Debug|x64
		{5A9C84DC-6036-4F89-8F3F-80B3CDEF0C35}.Debug|x64.Build.0 = Debug|x64
		{5A9C84DC-6036-4F89-8F3F-80B3CDEF0C35}.Debug|x86.ActiveCfg = Debug|Win32
		{5A9C84DC-6036-4F89-8F3F-80B3CDEF0C35}.Debug|x86.Build.0 = Debug|Win32
		{5A9C84DC-6036-4F89-8F3F-80B3CDEF0C35}.Release|Any CPU.ActiveCfg = Release|Win32
		{5A9C84DC-6036-4F89-8F3F-80B3CDEF0C35}.Release|ARM.ActiveCfg = Release|Win32
		{5A9C84DC-6036-4F89-8F3F-80B3CDEF0C35}.Release|ARM64.ActiveCfg = Release|Win32
		{5A9C84DC-6036-4F89-8F3F-80B3CDEF0C35}.Release|x64.ActiveCfg = Release|x64
		{5A9C84DC-6036-4F89-8F3F-80B3CDEF0C35}.Release|x64.Build.0 = Release|x64
		{5A9C84DC-6036-4F89-8F3F-80B3CDEF0C35}.Release|x86.ActiveCfg = Release|Win32
		{5A9C84DC-6036-4F89-8F3F-80B3CDEF0C35}.Release|x86.Build.0 = Release|Win32
		{D3944275-F6BD-4AF5-B182-E8D0E60D3A79}.Debug|Any CPU.ActiveCfg = Debug|Any CPU
		{D3944275-F6BD-4AF5-B182-E8D0E60D3A79}.Debug|Any CPU.Build.0 = Debug|Any CPU
		{D3944275-F6BD-4AF5-B182-E8D0E60D3A79}.Debug|ARM.ActiveCfg = Debug|Any CPU
		{D3944275-F6BD-4AF5-B182-E8D0E60D3A79}.Debug|ARM.Build.0 = Debug|Any CPU
		{D3944275-F6BD-4AF5-B182-E8D0E60D3A79}.Debug|ARM64.ActiveCfg = Debug|Any CPU
		{D3944275-F6BD-4AF5-B182-E8D0E60D3A79}.Debug|ARM64.Build.0 = Debug|Any CPU
		{D3944275-F6BD-4AF5-B182-E8D0E60D3A79}.Debug|x64.ActiveCfg = Debug|Any CPU
		{D3944275-F6BD-4AF5-B182-E8D0E60D3A79}.Debug|x64.Build.0 = Debug|Any CPU
		{D3944275-F6BD-4AF5-B182-E8D0E60D3A79}.Debug|x86.ActiveCfg = Debug|Any CPU
		{D3944275-F6BD-4AF5-B182-E8D0E60D3A79}.Debug|x86.Build.0 = Debug|Any CPU
		{D3944275-F6BD-4AF5-B182-E8D0E60D3A79}.Release|Any CPU.ActiveCfg = Release|Any CPU
		{D3944275-F6BD-4AF5-B182-E8D0E60D3A79}.Release|Any CPU.Build.0 = Release|Any CPU
		{D3944275-F6BD-4AF5-B182-E8D0E60D3A79}.Release|ARM.ActiveCfg = Release|Any CPU
		{D3944275-F6BD-4AF5-B182-E8D0E60D3A79}.Release|ARM.Build.0 = Release|Any CPU
		{D3944275-F6BD-4AF5-B182-E8D0E60D3A79}.Release|ARM64.ActiveCfg = Release|Any CPU
		{D3944275-F6BD-4AF5-B182-E8D0E60D3A79}.Release|ARM64.Build.0 = Release|Any CPU
		{D3944275-F6BD-4AF5-B182-E8D0E60D3A79}.Release|x64.ActiveCfg = Release|Any CPU
		{D3944275-F6BD-4AF5-B182-E8D0E60D3A79}.Release|x64.Build.0 = Release|Any CPU
		{D3944275-F6BD-4AF5-B182-E8D0E60D3A79}.Release|x86.ActiveCfg = Release|Any CPU
		{D3944275-F6BD-4AF5-B182-E8D0E60D3A79}.Release|x86.Build.0 = Release|Any CPU
		{65FD0796-5B0D-4E31-ADC2-AB979BEF1102}.Debug|Any CPU.ActiveCfg = Debug|Any CPU
		{65FD0796-5B0D-4E31-ADC2-AB979BEF1102}.Debug|Any CPU.Build.0 = Debug|Any CPU
		{65FD0796-5B0D-4E31-ADC2-AB979BEF1102}.Debug|ARM.ActiveCfg = Debug|Any CPU
		{65FD0796-5B0D-4E31-ADC2-AB979BEF1102}.Debug|ARM.Build.0 = Debug|Any CPU
		{65FD0796-5B0D-4E31-ADC2-AB979BEF1102}.Debug|ARM64.ActiveCfg = Debug|Any CPU
		{65FD0796-5B0D-4E31-ADC2-AB979BEF1102}.Debug|ARM64.Build.0 = Debug|Any CPU
		{65FD0796-5B0D-4E31-ADC2-AB979BEF1102}.Debug|x64.ActiveCfg = Debug|Any CPU
		{65FD0796-5B0D-4E31-ADC2-AB979BEF1102}.Debug|x64.Build.0 = Debug|Any CPU
		{65FD0796-5B0D-4E31-ADC2-AB979BEF1102}.Debug|x86.ActiveCfg = Debug|Any CPU
		{65FD0796-5B0D-4E31-ADC2-AB979BEF1102}.Debug|x86.Build.0 = Debug|Any CPU
		{65FD0796-5B0D-4E31-ADC2-AB979BEF1102}.Release|Any CPU.ActiveCfg = Release|Any CPU
		{65FD0796-5B0D-4E31-ADC2-AB979BEF1102}.Release|Any CPU.Build.0 = Release|Any CPU
		{65FD0796-5B0D-4E31-ADC2-AB979BEF1102}.Release|ARM.ActiveCfg = Release|Any CPU
		{65FD0796-5B0D-4E31-ADC2-AB979BEF1102}.Release|ARM.Build.0 = Release|Any CPU
		{65FD0796-5B0D-4E31-ADC2-AB979BEF1102}.Release|ARM64.ActiveCfg = Release|Any CPU
		{65FD0796-5B0D-4E31-ADC2-AB979BEF1102}.Release|ARM64.Build.0 = Release|Any CPU
		{65FD0796-5B0D-4E31-ADC2-AB979BEF1102}.Release|x64.ActiveCfg = Release|Any CPU
		{65FD0796-5B0D-4E31-ADC2-AB979BEF1102}.Release|x64.Build.0 = Release|Any CPU
		{65FD0796-5B0D-4E31-ADC2-AB979BEF1102}.Release|x86.ActiveCfg = Release|Any CPU
		{65FD0796-5B0D-4E31-ADC2-AB979BEF1102}.Release|x86.Build.0 = Release|Any CPU
		{7DB53716-811A-4B2E-BAC7-C3BC27F586B7}.Debug|Any CPU.ActiveCfg = Debug|Any CPU
		{7DB53716-811A-4B2E-BAC7-C3BC27F586B7}.Debug|Any CPU.Build.0 = Debug|Any CPU
		{7DB53716-811A-4B2E-BAC7-C3BC27F586B7}.Debug|ARM.ActiveCfg = Debug|Any CPU
		{7DB53716-811A-4B2E-BAC7-C3BC27F586B7}.Debug|ARM.Build.0 = Debug|Any CPU
		{7DB53716-811A-4B2E-BAC7-C3BC27F586B7}.Debug|ARM64.ActiveCfg = Debug|Any CPU
		{7DB53716-811A-4B2E-BAC7-C3BC27F586B7}.Debug|ARM64.Build.0 = Debug|Any CPU
		{7DB53716-811A-4B2E-BAC7-C3BC27F586B7}.Debug|x64.ActiveCfg = Debug|Any CPU
		{7DB53716-811A-4B2E-BAC7-C3BC27F586B7}.Debug|x64.Build.0 = Debug|Any CPU
		{7DB53716-811A-4B2E-BAC7-C3BC27F586B7}.Debug|x86.ActiveCfg = Debug|Any CPU
		{7DB53716-811A-4B2E-BAC7-C3BC27F586B7}.Debug|x86.Build.0 = Debug|Any CPU
		{7DB53716-811A-4B2E-BAC7-C3BC27F586B7}.Release|Any CPU.ActiveCfg = Release|Any CPU
		{7DB53716-811A-4B2E-BAC7-C3BC27F586B7}.Release|Any CPU.Build.0 = Release|Any CPU
		{7DB53716-811A-4B2E-BAC7-C3BC27F586B7}.Release|ARM.ActiveCfg = Release|Any CPU
		{7DB53716-811A-4B2E-BAC7-C3BC27F586B7}.Release|ARM.Build.0 = Release|Any CPU
		{7DB53716-811A-4B2E-BAC7-C3BC27F586B7}.Release|ARM64.ActiveCfg = Release|Any CPU
		{7DB53716-811A-4B2E-BAC7-C3BC27F586B7}.Release|ARM64.Build.0 = Release|Any CPU
		{7DB53716-811A-4B2E-BAC7-C3BC27F586B7}.Release|x64.ActiveCfg = Release|Any CPU
		{7DB53716-811A-4B2E-BAC7-C3BC27F586B7}.Release|x64.Build.0 = Release|Any CPU
		{7DB53716-811A-4B2E-BAC7-C3BC27F586B7}.Release|x86.ActiveCfg = Release|Any CPU
		{7DB53716-811A-4B2E-BAC7-C3BC27F586B7}.Release|x86.Build.0 = Release|Any CPU
		{C09575F7-4090-4A24-BA63-1D89E5678456}.Debug|Any CPU.ActiveCfg = Debug|Any CPU
		{C09575F7-4090-4A24-BA63-1D89E5678456}.Debug|Any CPU.Build.0 = Debug|Any CPU
		{C09575F7-4090-4A24-BA63-1D89E5678456}.Debug|ARM.ActiveCfg = Debug|Any CPU
		{C09575F7-4090-4A24-BA63-1D89E5678456}.Debug|ARM.Build.0 = Debug|Any CPU
		{C09575F7-4090-4A24-BA63-1D89E5678456}.Debug|ARM64.ActiveCfg = Debug|Any CPU
		{C09575F7-4090-4A24-BA63-1D89E5678456}.Debug|ARM64.Build.0 = Debug|Any CPU
		{C09575F7-4090-4A24-BA63-1D89E5678456}.Debug|x64.ActiveCfg = Debug|Any CPU
		{C09575F7-4090-4A24-BA63-1D89E5678456}.Debug|x64.Build.0 = Debug|Any CPU
		{C09575F7-4090-4A24-BA63-1D89E5678456}.Debug|x86.ActiveCfg = Debug|Any CPU
		{C09575F7-4090-4A24-BA63-1D89E5678456}.Debug|x86.Build.0 = Debug|Any CPU
		{C09575F7-4090-4A24-BA63-1D89E5678456}.Release|Any CPU.ActiveCfg = Release|Any CPU
		{C09575F7-4090-4A24-BA63-1D89E5678456}.Release|Any CPU.Build.0 = Release|Any CPU
		{C09575F7-4090-4A24-BA63-1D89E5678456}.Release|ARM.ActiveCfg = Release|Any CPU
		{C09575F7-4090-4A24-BA63-1D89E5678456}.Release|ARM.Build.0 = Release|Any CPU
		{C09575F7-4090-4A24-BA63-1D89E5678456}.Release|ARM64.ActiveCfg = Release|Any CPU
		{C09575F7-4090-4A24-BA63-1D89E5678456}.Release|ARM64.Build.0 = Release|Any CPU
		{C09575F7-4090-4A24-BA63-1D89E5678456}.Release|x64.ActiveCfg = Release|Any CPU
		{C09575F7-4090-4A24-BA63-1D89E5678456}.Release|x64.Build.0 = Release|Any CPU
		{C09575F7-4090-4A24-BA63-1D89E5678456}.Release|x86.ActiveCfg = Release|Any CPU
		{C09575F7-4090-4A24-BA63-1D89E5678456}.Release|x86.Build.0 = Release|Any CPU
		{79CE37E6-0125-48B7-BA4A-3F2A06579491}.Debug|Any CPU.ActiveCfg = Debug|Any CPU
		{79CE37E6-0125-48B7-BA4A-3F2A06579491}.Debug|Any CPU.Build.0 = Debug|Any CPU
		{79CE37E6-0125-48B7-BA4A-3F2A06579491}.Debug|ARM.ActiveCfg = Debug|Any CPU
		{79CE37E6-0125-48B7-BA4A-3F2A06579491}.Debug|ARM.Build.0 = Debug|Any CPU
		{79CE37E6-0125-48B7-BA4A-3F2A06579491}.Debug|ARM64.ActiveCfg = Debug|Any CPU
		{79CE37E6-0125-48B7-BA4A-3F2A06579491}.Debug|ARM64.Build.0 = Debug|Any CPU
		{79CE37E6-0125-48B7-BA4A-3F2A06579491}.Debug|x64.ActiveCfg = Debug|Any CPU
		{79CE37E6-0125-48B7-BA4A-3F2A06579491}.Debug|x64.Build.0 = Debug|Any CPU
		{79CE37E6-0125-48B7-BA4A-3F2A06579491}.Debug|x86.ActiveCfg = Debug|Any CPU
		{79CE37E6-0125-48B7-BA4A-3F2A06579491}.Debug|x86.Build.0 = Debug|Any CPU
		{79CE37E6-0125-48B7-BA4A-3F2A06579491}.Release|Any CPU.ActiveCfg = Release|Any CPU
		{79CE37E6-0125-48B7-BA4A-3F2A06579491}.Release|Any CPU.Build.0 = Release|Any CPU
		{79CE37E6-0125-48B7-BA4A-3F2A06579491}.Release|ARM.ActiveCfg = Release|Any CPU
		{79CE37E6-0125-48B7-BA4A-3F2A06579491}.Release|ARM.Build.0 = Release|Any CPU
		{79CE37E6-0125-48B7-BA4A-3F2A06579491}.Release|ARM64.ActiveCfg = Release|Any CPU
		{79CE37E6-0125-48B7-BA4A-3F2A06579491}.Release|ARM64.Build.0 = Release|Any CPU
		{79CE37E6-0125-48B7-BA4A-3F2A06579491}.Release|x64.ActiveCfg = Release|Any CPU
		{79CE37E6-0125-48B7-BA4A-3F2A06579491}.Release|x64.Build.0 = Release|Any CPU
		{79CE37E6-0125-48B7-BA4A-3F2A06579491}.Release|x86.ActiveCfg = Release|Any CPU
		{79CE37E6-0125-48B7-BA4A-3F2A06579491}.Release|x86.Build.0 = Release|Any CPU
		{AB46EC7A-89D2-4684-AA8F-39189EE1E8DE}.Debug|Any CPU.ActiveCfg = Debug|Any CPU
		{AB46EC7A-89D2-4684-AA8F-39189EE1E8DE}.Debug|Any CPU.Build.0 = Debug|Any CPU
		{AB46EC7A-89D2-4684-AA8F-39189EE1E8DE}.Debug|ARM.ActiveCfg = Debug|Any CPU
		{AB46EC7A-89D2-4684-AA8F-39189EE1E8DE}.Debug|ARM.Build.0 = Debug|Any CPU
		{AB46EC7A-89D2-4684-AA8F-39189EE1E8DE}.Debug|ARM64.ActiveCfg = Debug|Any CPU
		{AB46EC7A-89D2-4684-AA8F-39189EE1E8DE}.Debug|ARM64.Build.0 = Debug|Any CPU
		{AB46EC7A-89D2-4684-AA8F-39189EE1E8DE}.Debug|x64.ActiveCfg = Debug|Any CPU
		{AB46EC7A-89D2-4684-AA8F-39189EE1E8DE}.Debug|x64.Build.0 = Debug|Any CPU
		{AB46EC7A-89D2-4684-AA8F-39189EE1E8DE}.Debug|x86.ActiveCfg = Debug|Any CPU
		{AB46EC7A-89D2-4684-AA8F-39189EE1E8DE}.Debug|x86.Build.0 = Debug|Any CPU
		{AB46EC7A-89D2-4684-AA8F-39189EE1E8DE}.Release|Any CPU.ActiveCfg = Release|Any CPU
		{AB46EC7A-89D2-4684-AA8F-39189EE1E8DE}.Release|Any CPU.Build.0 = Release|Any CPU
		{AB46EC7A-89D2-4684-AA8F-39189EE1E8DE}.Release|ARM.ActiveCfg = Release|Any CPU
		{AB46EC7A-89D2-4684-AA8F-39189EE1E8DE}.Release|ARM.Build.0 = Release|Any CPU
		{AB46EC7A-89D2-4684-AA8F-39189EE1E8DE}.Release|ARM64.ActiveCfg = Release|Any CPU
		{AB46EC7A-89D2-4684-AA8F-39189EE1E8DE}.Release|ARM64.Build.0 = Release|Any CPU
		{AB46EC7A-89D2-4684-AA8F-39189EE1E8DE}.Release|x64.ActiveCfg = Release|Any CPU
		{AB46EC7A-89D2-4684-AA8F-39189EE1E8DE}.Release|x64.Build.0 = Release|Any CPU
		{AB46EC7A-89D2-4684-AA8F-39189EE1E8DE}.Release|x86.ActiveCfg = Release|Any CPU
		{AB46EC7A-89D2-4684-AA8F-39189EE1E8DE}.Release|x86.Build.0 = Release|Any CPU
		{2F38A371-DCD7-441A-8F65-044FB4C6DC03}.Debug|Any CPU.ActiveCfg = Debug|Any CPU
		{2F38A371-DCD7-441A-8F65-044FB4C6DC03}.Debug|Any CPU.Build.0 = Debug|Any CPU
		{2F38A371-DCD7-441A-8F65-044FB4C6DC03}.Debug|ARM.ActiveCfg = Debug|Any CPU
		{2F38A371-DCD7-441A-8F65-044FB4C6DC03}.Debug|ARM.Build.0 = Debug|Any CPU
		{2F38A371-DCD7-441A-8F65-044FB4C6DC03}.Debug|ARM64.ActiveCfg = Debug|Any CPU
		{2F38A371-DCD7-441A-8F65-044FB4C6DC03}.Debug|ARM64.Build.0 = Debug|Any CPU
		{2F38A371-DCD7-441A-8F65-044FB4C6DC03}.Debug|x64.ActiveCfg = Debug|Any CPU
		{2F38A371-DCD7-441A-8F65-044FB4C6DC03}.Debug|x64.Build.0 = Debug|Any CPU
		{2F38A371-DCD7-441A-8F65-044FB4C6DC03}.Debug|x86.ActiveCfg = Debug|Any CPU
		{2F38A371-DCD7-441A-8F65-044FB4C6DC03}.Debug|x86.Build.0 = Debug|Any CPU
		{2F38A371-DCD7-441A-8F65-044FB4C6DC03}.Release|Any CPU.ActiveCfg = Release|Any CPU
		{2F38A371-DCD7-441A-8F65-044FB4C6DC03}.Release|Any CPU.Build.0 = Release|Any CPU
		{2F38A371-DCD7-441A-8F65-044FB4C6DC03}.Release|ARM.ActiveCfg = Release|Any CPU
		{2F38A371-DCD7-441A-8F65-044FB4C6DC03}.Release|ARM.Build.0 = Release|Any CPU
		{2F38A371-DCD7-441A-8F65-044FB4C6DC03}.Release|ARM64.ActiveCfg = Release|Any CPU
		{2F38A371-DCD7-441A-8F65-044FB4C6DC03}.Release|ARM64.Build.0 = Release|Any CPU
		{2F38A371-DCD7-441A-8F65-044FB4C6DC03}.Release|x64.ActiveCfg = Release|Any CPU
		{2F38A371-DCD7-441A-8F65-044FB4C6DC03}.Release|x64.Build.0 = Release|Any CPU
		{2F38A371-DCD7-441A-8F65-044FB4C6DC03}.Release|x86.ActiveCfg = Release|Any CPU
		{2F38A371-DCD7-441A-8F65-044FB4C6DC03}.Release|x86.Build.0 = Release|Any CPU
		{4DD3A06F-C891-49DF-B79A-2835DE9C441E}.Debug|Any CPU.ActiveCfg = Debug|Any CPU
		{4DD3A06F-C891-49DF-B79A-2835DE9C441E}.Debug|Any CPU.Build.0 = Debug|Any CPU
		{4DD3A06F-C891-49DF-B79A-2835DE9C441E}.Debug|ARM.ActiveCfg = Debug|Any CPU
		{4DD3A06F-C891-49DF-B79A-2835DE9C441E}.Debug|ARM.Build.0 = Debug|Any CPU
		{4DD3A06F-C891-49DF-B79A-2835DE9C441E}.Debug|ARM64.ActiveCfg = Debug|Any CPU
		{4DD3A06F-C891-49DF-B79A-2835DE9C441E}.Debug|ARM64.Build.0 = Debug|Any CPU
		{4DD3A06F-C891-49DF-B79A-2835DE9C441E}.Debug|x64.ActiveCfg = Debug|Any CPU
		{4DD3A06F-C891-49DF-B79A-2835DE9C441E}.Debug|x64.Build.0 = Debug|Any CPU
		{4DD3A06F-C891-49DF-B79A-2835DE9C441E}.Debug|x86.ActiveCfg = Debug|Any CPU
		{4DD3A06F-C891-49DF-B79A-2835DE9C441E}.Debug|x86.Build.0 = Debug|Any CPU
		{4DD3A06F-C891-49DF-B79A-2835DE9C441E}.Release|Any CPU.ActiveCfg = Release|Any CPU
		{4DD3A06F-C891-49DF-B79A-2835DE9C441E}.Release|Any CPU.Build.0 = Release|Any CPU
		{4DD3A06F-C891-49DF-B79A-2835DE9C441E}.Release|ARM.ActiveCfg = Release|Any CPU
		{4DD3A06F-C891-49DF-B79A-2835DE9C441E}.Release|ARM.Build.0 = Release|Any CPU
		{4DD3A06F-C891-49DF-B79A-2835DE9C441E}.Release|ARM64.ActiveCfg = Release|Any CPU
		{4DD3A06F-C891-49DF-B79A-2835DE9C441E}.Release|ARM64.Build.0 = Release|Any CPU
		{4DD3A06F-C891-49DF-B79A-2835DE9C441E}.Release|x64.ActiveCfg = Release|Any CPU
		{4DD3A06F-C891-49DF-B79A-2835DE9C441E}.Release|x64.Build.0 = Release|Any CPU
		{4DD3A06F-C891-49DF-B79A-2835DE9C441E}.Release|x86.ActiveCfg = Release|Any CPU
		{4DD3A06F-C891-49DF-B79A-2835DE9C441E}.Release|x86.Build.0 = Release|Any CPU
		{183F86F9-B483-43DC-8A8E-3792DE0267AE}.Debug|Any CPU.ActiveCfg = Debug|Any CPU
		{183F86F9-B483-43DC-8A8E-3792DE0267AE}.Debug|Any CPU.Build.0 = Debug|Any CPU
		{183F86F9-B483-43DC-8A8E-3792DE0267AE}.Debug|ARM.ActiveCfg = Debug|Any CPU
		{183F86F9-B483-43DC-8A8E-3792DE0267AE}.Debug|ARM.Build.0 = Debug|Any CPU
		{183F86F9-B483-43DC-8A8E-3792DE0267AE}.Debug|ARM64.ActiveCfg = Debug|Any CPU
		{183F86F9-B483-43DC-8A8E-3792DE0267AE}.Debug|ARM64.Build.0 = Debug|Any CPU
		{183F86F9-B483-43DC-8A8E-3792DE0267AE}.Debug|x64.ActiveCfg = Debug|Any CPU
		{183F86F9-B483-43DC-8A8E-3792DE0267AE}.Debug|x64.Build.0 = Debug|Any CPU
		{183F86F9-B483-43DC-8A8E-3792DE0267AE}.Debug|x86.ActiveCfg = Debug|Any CPU
		{183F86F9-B483-43DC-8A8E-3792DE0267AE}.Debug|x86.Build.0 = Debug|Any CPU
		{183F86F9-B483-43DC-8A8E-3792DE0267AE}.Release|Any CPU.ActiveCfg = Release|Any CPU
		{183F86F9-B483-43DC-8A8E-3792DE0267AE}.Release|Any CPU.Build.0 = Release|Any CPU
		{183F86F9-B483-43DC-8A8E-3792DE0267AE}.Release|ARM.ActiveCfg = Release|Any CPU
		{183F86F9-B483-43DC-8A8E-3792DE0267AE}.Release|ARM.Build.0 = Release|Any CPU
		{183F86F9-B483-43DC-8A8E-3792DE0267AE}.Release|ARM64.ActiveCfg = Release|Any CPU
		{183F86F9-B483-43DC-8A8E-3792DE0267AE}.Release|ARM64.Build.0 = Release|Any CPU
		{183F86F9-B483-43DC-8A8E-3792DE0267AE}.Release|x64.ActiveCfg = Release|Any CPU
		{183F86F9-B483-43DC-8A8E-3792DE0267AE}.Release|x64.Build.0 = Release|Any CPU
		{183F86F9-B483-43DC-8A8E-3792DE0267AE}.Release|x86.ActiveCfg = Release|Any CPU
		{183F86F9-B483-43DC-8A8E-3792DE0267AE}.Release|x86.Build.0 = Release|Any CPU
		{3C9FA86A-F834-4990-B92D-1FB7FCAA06A6}.Debug|Any CPU.ActiveCfg = Debug|Any CPU
		{3C9FA86A-F834-4990-B92D-1FB7FCAA06A6}.Debug|Any CPU.Build.0 = Debug|Any CPU
		{3C9FA86A-F834-4990-B92D-1FB7FCAA06A6}.Debug|ARM.ActiveCfg = Debug|Any CPU
		{3C9FA86A-F834-4990-B92D-1FB7FCAA06A6}.Debug|ARM.Build.0 = Debug|Any CPU
		{3C9FA86A-F834-4990-B92D-1FB7FCAA06A6}.Debug|ARM64.ActiveCfg = Debug|Any CPU
		{3C9FA86A-F834-4990-B92D-1FB7FCAA06A6}.Debug|ARM64.Build.0 = Debug|Any CPU
		{3C9FA86A-F834-4990-B92D-1FB7FCAA06A6}.Debug|x64.ActiveCfg = Debug|Any CPU
		{3C9FA86A-F834-4990-B92D-1FB7FCAA06A6}.Debug|x64.Build.0 = Debug|Any CPU
		{3C9FA86A-F834-4990-B92D-1FB7FCAA06A6}.Debug|x86.ActiveCfg = Debug|Any CPU
		{3C9FA86A-F834-4990-B92D-1FB7FCAA06A6}.Debug|x86.Build.0 = Debug|Any CPU
		{3C9FA86A-F834-4990-B92D-1FB7FCAA06A6}.Release|Any CPU.ActiveCfg = Release|Any CPU
		{3C9FA86A-F834-4990-B92D-1FB7FCAA06A6}.Release|Any CPU.Build.0 = Release|Any CPU
		{3C9FA86A-F834-4990-B92D-1FB7FCAA06A6}.Release|ARM.ActiveCfg = Release|Any CPU
		{3C9FA86A-F834-4990-B92D-1FB7FCAA06A6}.Release|ARM.Build.0 = Release|Any CPU
		{3C9FA86A-F834-4990-B92D-1FB7FCAA06A6}.Release|ARM64.ActiveCfg = Release|Any CPU
		{3C9FA86A-F834-4990-B92D-1FB7FCAA06A6}.Release|ARM64.Build.0 = Release|Any CPU
		{3C9FA86A-F834-4990-B92D-1FB7FCAA06A6}.Release|x64.ActiveCfg = Release|Any CPU
		{3C9FA86A-F834-4990-B92D-1FB7FCAA06A6}.Release|x64.Build.0 = Release|Any CPU
		{3C9FA86A-F834-4990-B92D-1FB7FCAA06A6}.Release|x86.ActiveCfg = Release|Any CPU
		{3C9FA86A-F834-4990-B92D-1FB7FCAA06A6}.Release|x86.Build.0 = Release|Any CPU
		{D3BB3E63-AD67-420C-A9A4-6E1BB02C0409}.Debug|Any CPU.ActiveCfg = Debug|Any CPU
		{D3BB3E63-AD67-420C-A9A4-6E1BB02C0409}.Debug|Any CPU.Build.0 = Debug|Any CPU
		{D3BB3E63-AD67-420C-A9A4-6E1BB02C0409}.Debug|ARM.ActiveCfg = Debug|Any CPU
		{D3BB3E63-AD67-420C-A9A4-6E1BB02C0409}.Debug|ARM.Build.0 = Debug|Any CPU
		{D3BB3E63-AD67-420C-A9A4-6E1BB02C0409}.Debug|ARM64.ActiveCfg = Debug|Any CPU
		{D3BB3E63-AD67-420C-A9A4-6E1BB02C0409}.Debug|ARM64.Build.0 = Debug|Any CPU
		{D3BB3E63-AD67-420C-A9A4-6E1BB02C0409}.Debug|x64.ActiveCfg = Debug|Any CPU
		{D3BB3E63-AD67-420C-A9A4-6E1BB02C0409}.Debug|x64.Build.0 = Debug|Any CPU
		{D3BB3E63-AD67-420C-A9A4-6E1BB02C0409}.Debug|x86.ActiveCfg = Debug|Any CPU
		{D3BB3E63-AD67-420C-A9A4-6E1BB02C0409}.Debug|x86.Build.0 = Debug|Any CPU
		{D3BB3E63-AD67-420C-A9A4-6E1BB02C0409}.Release|Any CPU.ActiveCfg = Release|Any CPU
		{D3BB3E63-AD67-420C-A9A4-6E1BB02C0409}.Release|Any CPU.Build.0 = Release|Any CPU
		{D3BB3E63-AD67-420C-A9A4-6E1BB02C0409}.Release|ARM.ActiveCfg = Release|Any CPU
		{D3BB3E63-AD67-420C-A9A4-6E1BB02C0409}.Release|ARM.Build.0 = Release|Any CPU
		{D3BB3E63-AD67-420C-A9A4-6E1BB02C0409}.Release|ARM64.ActiveCfg = Release|Any CPU
		{D3BB3E63-AD67-420C-A9A4-6E1BB02C0409}.Release|ARM64.Build.0 = Release|Any CPU
		{D3BB3E63-AD67-420C-A9A4-6E1BB02C0409}.Release|x64.ActiveCfg = Release|Any CPU
		{D3BB3E63-AD67-420C-A9A4-6E1BB02C0409}.Release|x64.Build.0 = Release|Any CPU
		{D3BB3E63-AD67-420C-A9A4-6E1BB02C0409}.Release|x86.ActiveCfg = Release|Any CPU
		{D3BB3E63-AD67-420C-A9A4-6E1BB02C0409}.Release|x86.Build.0 = Release|Any CPU
	EndGlobalSection
	GlobalSection(SolutionProperties) = preSolution
		HideSolutionNode = FALSE
	EndGlobalSection
	GlobalSection(NestedProjects) = preSolution
		{5A9C84DC-6036-4F89-8F3F-80B3CDEF0C35} = {FA0D0C72-F4DF-4243-B45B-AB3A7709D477}
		{D3944275-F6BD-4AF5-B182-E8D0E60D3A79} = {FA0D0C72-F4DF-4243-B45B-AB3A7709D477}
		{65FD0796-5B0D-4E31-ADC2-AB979BEF1102} = {FA0D0C72-F4DF-4243-B45B-AB3A7709D477}
		{7DB53716-811A-4B2E-BAC7-C3BC27F586B7} = {FA0D0C72-F4DF-4243-B45B-AB3A7709D477}
		{C09575F7-4090-4A24-BA63-1D89E5678456} = {FA0D0C72-F4DF-4243-B45B-AB3A7709D477}
		{79CE37E6-0125-48B7-BA4A-3F2A06579491} = {FA0D0C72-F4DF-4243-B45B-AB3A7709D477}
		{AB46EC7A-89D2-4684-AA8F-39189EE1E8DE} = {FA0D0C72-F4DF-4243-B45B-AB3A7709D477}
		{2F38A371-DCD7-441A-8F65-044FB4C6DC03} = {FA0D0C72-F4DF-4243-B45B-AB3A7709D477}
		{4DD3A06F-C891-49DF-B79A-2835DE9C441E} = {FA0D0C72-F4DF-4243-B45B-AB3A7709D477}
		{183F86F9-B483-43DC-8A8E-3792DE0267AE} = {FA0D0C72-F4DF-4243-B45B-AB3A7709D477}
		{3C9FA86A-F834-4990-B92D-1FB7FCAA06A6} = {FA0D0C72-F4DF-4243-B45B-AB3A7709D477}
		{D3BB3E63-AD67-420C-A9A4-6E1BB02C0409} = {FA0D0C72-F4DF-4243-B45B-AB3A7709D477}
	EndGlobalSection
	GlobalSection(ExtensibilityGlobals) = postSolution
		SolutionGuid = {80986A32-574B-4825-9B21-5AD8E566E320}
	EndGlobalSection
EndGlobal
